
Microsoft Visual Studio Solution File, Format Version 12.00
# Visual Studio Version 17
VisualStudioVersion = 17.5.33530.505
MinimumVisualStudioVersion = 10.0.40219.1
Project("{9A19103F-16F7-4668-BE54-9A1E7A4F7556}") = "AstroShop.PortalWWW", "AstroShop.PortalWWW\AstroShop.PortalWWW.csproj", "{B42ACA2A-606B-49A3-B276-E0C046915C03}"
EndProject
Project("{9A19103F-16F7-4668-BE54-9A1E7A4F7556}") = "AstroShop.Intranet", "AstroShop.Intranet\AstroShop.Intranet.csproj", "{09ADE3D7-E674-4B5D-A118-50AED3EFF2B2}"
EndProject
Project("{FAE04EC0-301F-11D3-BF4B-00C04F79EFBC}") = "AstroShop.Data", "AstroShop.Data\AstroShop.Data.csproj", "{CE98A0E2-D1E8-465B-AA75-6C419E52D8A4}"
EndProject
Global
	GlobalSection(SolutionConfigurationPlatforms) = preSolution
		Debug|Any CPU = Debug|Any CPU
		Release|Any CPU = Release|Any CPU
	EndGlobalSection
	GlobalSection(ProjectConfigurationPlatforms) = postSolution
		{B42ACA2A-606B-49A3-B276-E0C046915C03}.Debug|Any CPU.ActiveCfg = Debug|Any CPU
		{B42ACA2A-606B-49A3-B276-E0C046915C03}.Debug|Any CPU.Build.0 = Debug|Any CPU
		{B42ACA2A-606B-49A3-B276-E0C046915C03}.Release|Any CPU.ActiveCfg = Release|Any CPU
		{B42ACA2A-606B-49A3-B276-E0C046915C03}.Release|Any CPU.Build.0 = Release|Any CPU
		{09ADE3D7-E674-4B5D-A118-50AED3EFF2B2}.Debug|Any CPU.ActiveCfg = Debug|Any CPU
		{09ADE3D7-E674-4B5D-A118-50AED3EFF2B2}.Debug|Any CPU.Build.0 = Debug|Any CPU
		{09ADE3D7-E674-4B5D-A118-50AED3EFF2B2}.Release|Any CPU.ActiveCfg = Release|Any CPU
		{09ADE3D7-E674-4B5D-A118-50AED3EFF2B2}.Release|Any CPU.Build.0 = Release|Any CPU
		{CE98A0E2-D1E8-465B-AA75-6C419E52D8A4}.Debug|Any CPU.ActiveCfg = Debug|Any CPU
		{CE98A0E2-D1E8-465B-AA75-6C419E52D8A4}.Debug|Any CPU.Build.0 = Debug|Any CPU
		{CE98A0E2-D1E8-465B-AA75-6C419E52D8A4}.Release|Any CPU.ActiveCfg = Release|Any CPU
		{CE98A0E2-D1E8-465B-AA75-6C419E52D8A4}.Release|Any CPU.Build.0 = Release|Any CPU
	EndGlobalSection
	GlobalSection(SolutionProperties) = preSolution
		HideSolutionNode = FALSE
	EndGlobalSection
	GlobalSection(ExtensibilityGlobals) = postSolution
		SolutionGuid = {E33E138E-8953-43B2-904B-63A0ABFB6F50}
	EndGlobalSection
EndGlobal
